
Microsoft Visual Studio Solution File, Format Version 12.00
# Visual Studio 2012
Project("{FAE04EC0-301F-11D3-BF4B-00C04F79EFBC}") = "IntercomBinding_Droid", "IntercomBinding_Droid.csproj", "{F924E6D3-2C1C-4F34-88A1-879B5D86E65E}"
EndProject
Global
	GlobalSection(SolutionConfigurationPlatforms) = preSolution
		Debug|Any CPU = Debug|Any CPU
		Release|Any CPU = Release|Any CPU
	EndGlobalSection
	GlobalSection(ProjectConfigurationPlatforms) = postSolution
		{F924E6D3-2C1C-4F34-88A1-879B5D86E65E}.Release|Any CPU.ActiveCfg = Release|Any CPU
		{F924E6D3-2C1C-4F34-88A1-879B5D86E65E}.Release|Any CPU.Build.0 = Release|Any CPU
	EndGlobalSection
EndGlobal
